
Microsoft Visual Studio Solution File, Format Version 12.00
# Visual Studio Version 17
VisualStudioVersion = 17.0.31903.59
MinimumVisualStudioVersion = 10.0.40219.1
Project("{FAE04EC0-301F-11D3-BF4B-00C04F79EFBC}") = "BankReaderService", "BankReaderService\BankReaderService.csproj", "{63073669-2075-4F15-A617-F83802A2D881}"
EndProject
Project("{FAE04EC0-301F-11D3-BF4B-00C04F79EFBC}") = "BankReaderServiceTests", "BankReaderServiceTests\BankReaderServiceTests.csproj", "{D889C605-2C38-435E-8ADE-70A1C3E90BC5}"
EndProject
Global
	GlobalSection(SolutionConfigurationPlatforms) = preSolution
		Debug|Any CPU = Debug|Any CPU
		Release|Any CPU = Release|Any CPU
	EndGlobalSection
	GlobalSection(SolutionProperties) = preSolution
		HideSolutionNode = FALSE
	EndGlobalSection
	GlobalSection(ProjectConfigurationPlatforms) = postSolution
		{63073669-2075-4F15-A617-F83802A2D881}.Debug|Any CPU.ActiveCfg = Debug|Any CPU
		{63073669-2075-4F15-A617-F83802A2D881}.Debug|Any CPU.Build.0 = Debug|Any CPU
		{63073669-2075-4F15-A617-F83802A2D881}.Release|Any CPU.ActiveCfg = Release|Any CPU
		{63073669-2075-4F15-A617-F83802A2D881}.Release|Any CPU.Build.0 = Release|Any CPU
		{D889C605-2C38-435E-8ADE-70A1C3E90BC5}.Debug|Any CPU.ActiveCfg = Debug|Any CPU
		{D889C605-2C38-435E-8ADE-70A1C3E90BC5}.Debug|Any CPU.Build.0 = Debug|Any CPU
		{D889C605-2C38-435E-8ADE-70A1C3E90BC5}.Release|Any CPU.ActiveCfg = Release|Any CPU
		{D889C605-2C38-435E-8ADE-70A1C3E90BC5}.Release|Any CPU.Build.0 = Release|Any CPU
	EndGlobalSection
EndGlobal
